github.com/joho/godotenv v1.4.0 h1:3l4+N6zfMWnkbPEXKng2o2/MR5mSwTrBih4ZEkkz1lg=
github.com/joho/godotenv v1.4.0/go.mod h1:f4LDr5Voq0i2e/R5DDNOoa2zzDfwtkZa6DnEwAbqwq4=
github.com/tbalthazar/onesignal-go v0.0.0-20220105142720-687e3b1630af h1:d/Nwpr88VVoTjPjwG2O069MVJBVm+5jsfqhUvIalxfY=
github.com/tbalthazar/onesignal-go v0.0.0-20220105142720-687e3b1630af/go.mod h1:/1ub1PBtGReAhl0AigtoWbQ7WJys+KmwMcgwaPoixqk=
